{
  "version": 4,
  "terraform_version": "1.3.9",
  "serial": 12,
  "lineage": "36ec9b58-5b17-4a35-042e-08cc966e09fb",
  "outputs": {
    "Windows_dns": {
      "value": "amandeep-win-dns",
      "type": "string"
    },
    "Windows_hostname": {
      "value": "amandeep-win-vm",
      "type": "string"
    },
    "la_workspace_name": {
      "value": "amandeep-law",
      "type": "string"
    },
    "linux_datadisk1_ids": {
      "value": [
        "/subscriptions/d3323ab9-8eb3-469c-a768-4f37de089238/resourceGroups/n01261681-assignment1-RG/providers/Microsoft.Compute/disks/linux-vm1-datadisk1",
        "/subscriptions/d3323ab9-8eb3-469c-a768-4f37de089238/resourceGroups/n01261681-assignment1-RG/providers/Microsoft.Compute/disks/linux-vm2-datadisk1"
      ],
      "type": [
        "tuple",
        [
          "string",
          "string"
        ]
      ]
    },
    "loadbalancer_name": {
      "value": "basic-loadbalancer",
      "type": "string"
    },
    "loadbalancer_public_ip_address": {
      "value": "20.169.243.232",
      "type": "string"
    },
    "network_address_space": {
      "value": "10.0.0.0/16",
      "type": "string"
    },
    "network_name": {
      "value": "amandeep_vnet_name",
      "type": "string"
    },
    "nsg_name": {
      "value": "amandeep_nsg_name",
      "type": "string"
    },
    "postgresql_server_name": {
      "value": "n01261681-postgres-server",
      "type": "string"
    },
    "recovery_vault_name": {
      "value": "aman-recovery-vault",
      "type": "string"
    },
    "resource_group_name": {
      "value": "n01261681-assignment1-RG",
      "type": "string"
    },
    "storage_account_name": {
      "value": "n01261681storage",
      "type": "string"
    },
    "subnet1_address_space": {
      "value": [
        "10.0.1.0/24"
      ],
      "type": [
        "list",
        "string"
      ]
    },
    "subnet_name": {
      "value": "amandeep_subnet_name",
      "type": "string"
    },
    "vm1_hostname": {
      "value": "amandeep-linux-vm1",
      "type": "string"
    },
    "vm2_hostname": {
      "value": "amandeep-linux-vm1-2",
      "type": "string"
    },
    "windows_datadisk1_id": {
      "value": "/subscriptions/d3323ab9-8eb3-469c-a768-4f37de089238/resourceGroups/n01261681-assignment1-RG/providers/Microsoft.Compute/disks/windows-vm-datadisk1",
      "type": "string"
    }
  },
  "resources": [
    {
      "mode": "managed",
      "type": "azurerm_virtual_machine_extension",
      "name": "network_watcher_vm1",
      "provider": "provider[\"registry.terraform.io/hashicorp/azurerm\"]",
      "instances": []
    },
    {
      "mode": "managed",
      "type": "azurerm_virtual_machine_extension",
      "name": "network_watcher_vm2",
      "provider": "provider[\"registry.terraform.io/hashicorp/azurerm\"]",
      "instances": []
    },
    {
      "module": "module.common",
      "mode": "managed",
      "type": "azurerm_log_analytics_workspace",
      "name": "la_workspace",
      "provider": "provider[\"registry.terraform.io/hashicorp/azurerm\"]",
      "instances": []
    },
    {
      "module": "module.common",
      "mode": "managed",
      "type": "azurerm_recovery_services_vault",
      "name": "recovery_vault",
      "provider": "provider[\"registry.terraform.io/hashicorp/azurerm\"]",
      "instances": []
    },
    {
      "module": "module.common",
      "mode": "managed",
      "type": "azurerm_storage_account",
      "name": "storage_account",
      "provider": "provider[\"registry.terraform.io/hashicorp/azurerm\"]",
      "instances": []
    },
    {
      "module": "module.database",
      "mode": "managed",
      "type": "azurerm_postgresql_database",
      "name": "database",
      "provider": "provider[\"registry.terraform.io/hashicorp/azurerm\"]",
      "instances": [
        {
          "schema_version": 1,
          "attributes": {
            "charset": "UTF8",
            "collation": "English_United States.1252",
            "id": "/subscriptions/d3323ab9-8eb3-469c-a768-4f37de089238/resourceGroups/n01261681-assignment1-RG/providers/Microsoft.DBforPostgreSQL/servers/n01261681-postgres-server/databases/n01261681-postgres-server_db",
            "name": "n01261681-postgres-server_db",
            "resource_group_name": "n01261681-assignment1-RG",
            "server_name": "n01261681-postgres-server",
            "timeouts": null
          },
          "sensitive_attributes": [],
          "private": "eyJlMmJmYjczMC1lY2FhLTExZTYtOGY4OC0zNDM2M2JjN2M0YzAiOnsiY3JlYXRlIjozNjAwMDAwMDAwMDAwLCJkZWxldGUiOjM2MDAwMDAwMDAwMDAsInJlYWQiOjMwMDAwMDAwMDAwMCwidXBkYXRlIjozNjAwMDAwMDAwMDAwfSwic2NoZW1hX3ZlcnNpb24iOiIxIn0=",
          "dependencies": [
            "module.database.azurerm_postgresql_server.postgresql_server"
          ]
        }
      ]
    },
    {
      "module": "module.database",
      "mode": "managed",
      "type": "azurerm_postgresql_server",
      "name": "postgresql_server",
      "provider": "provider[\"registry.terraform.io/hashicorp/azurerm\"]",
      "instances": [
        {
          "schema_version": 1,
          "attributes": {
            "administrator_login": "adminuser",
            "administrator_login_password": "P@ssw0rd1234!",
            "auto_grow_enabled": true,
            "backup_retention_days": 7,
            "create_mode": "Default",
            "creation_source_server_id": null,
            "fqdn": "n01261681-postgres-server.postgres.database.azure.com",
            "geo_redundant_backup_enabled": false,
            "id": "/subscriptions/d3323ab9-8eb3-469c-a768-4f37de089238/resourceGroups/n01261681-assignment1-RG/providers/Microsoft.DBforPostgreSQL/servers/n01261681-postgres-server",
            "identity": [],
            "infrastructure_encryption_enabled": false,
            "location": "eastus",
            "name": "n01261681-postgres-server",
            "public_network_access_enabled": true,
            "resource_group_name": "n01261681-assignment1-RG",
            "restore_point_in_time": null,
            "sku_name": "GP_Gen5_2",
            "ssl_enforcement_enabled": true,
            "ssl_minimal_tls_version_enforced": "TLS1_2",
            "storage_mb": 5120,
            "tags": {
              "Environment": "Lab",
              "ExpirationDate": "2023-06-30",
              "Name": "amandeep.kaur",
              "Project": "Automation Project – Assignment 1"
            },
            "threat_detection_policy": [],
            "timeouts": null,
            "version": "11"
          },
          "sensitive_attributes": [],
          "private": "eyJlMmJmYjczMC1lY2FhLTExZTYtOGY4OC0zNDM2M2JjN2M0YzAiOnsiY3JlYXRlIjozNjAwMDAwMDAwMDAwLCJkZWxldGUiOjM2MDAwMDAwMDAwMDAsInJlYWQiOjMwMDAwMDAwMDAwMCwidXBkYXRlIjozNjAwMDAwMDAwMDAwfSwic2NoZW1hX3ZlcnNpb24iOiIxIn0="
        }
      ]
    },
    {
      "module": "module.datadisk",
      "mode": "managed",
      "type": "azurerm_managed_disk",
      "name": "linux_disk1",
      "provider": "provider[\"registry.terraform.io/hashicorp/azurerm\"]",
      "instances": [
        {
          "index_key": 0,
          "schema_version": 1,
          "attributes": {
            "create_option": "Empty",
            "disk_access_id": "",
            "disk_encryption_set_id": "",
            "disk_iops_read_only": 0,
            "disk_iops_read_write": 500,
            "disk_mbps_read_only": 0,
            "disk_mbps_read_write": 60,
            "disk_size_gb": 10,
            "edge_zone": "",
            "encryption_settings": [],
            "gallery_image_reference_id": "",
            "hyper_v_generation": "",
            "id": "/subscriptions/d3323ab9-8eb3-469c-a768-4f37de089238/resourceGroups/n01261681-assignment1-RG/providers/Microsoft.Compute/disks/linux-vm1-datadisk1",
            "image_reference_id": "",
            "location": "eastus",
            "logical_sector_size": null,
            "max_shares": 0,
            "name": "linux-vm1-datadisk1",
            "network_access_policy": null,
            "on_demand_bursting_enabled": false,
            "os_type": "",
            "public_network_access_enabled": true,
            "resource_group_name": "n01261681-assignment1-RG",
            "secure_vm_disk_encryption_set_id": "",
            "security_type": "",
            "source_resource_id": "",
            "source_uri": "",
            "storage_account_id": "",
            "storage_account_type": "Standard_LRS",
            "tags": null,
            "tier": "",
            "timeouts": null,
            "trusted_launch_enabled": false,
            "upload_size_bytes": 0,
            "zone": ""
          },
          "sensitive_attributes": [],
          "private": "eyJlMmJmYjczMC1lY2FhLTExZTYtOGY4OC0zNDM2M2JjN2M0YzAiOnsiY3JlYXRlIjoxODAwMDAwMDAwMDAwLCJkZWxldGUiOjE4MDAwMDAwMDAwMDAsInJlYWQiOjMwMDAwMDAwMDAwMCwidXBkYXRlIjoxODAwMDAwMDAwMDAwfSwic2NoZW1hX3ZlcnNpb24iOiIxIn0="
        },
        {
          "index_key": 1,
          "schema_version": 1,
          "attributes": {
            "create_option": "Empty",
            "disk_access_id": "",
            "disk_encryption_set_id": "",
            "disk_iops_read_only": 0,
            "disk_iops_read_write": 500,
            "disk_mbps_read_only": 0,
            "disk_mbps_read_write": 60,
            "disk_size_gb": 10,
            "edge_zone": "",
            "encryption_settings": [],
            "gallery_image_reference_id": "",
            "hyper_v_generation": "",
            "id": "/subscriptions/d3323ab9-8eb3-469c-a768-4f37de089238/resourceGroups/n01261681-assignment1-RG/providers/Microsoft.Compute/disks/linux-vm2-datadisk1",
            "image_reference_id": "",
            "location": "eastus",
            "logical_sector_size": null,
            "max_shares": 0,
            "name": "linux-vm2-datadisk1",
            "network_access_policy": null,
            "on_demand_bursting_enabled": false,
            "os_type": "",
            "public_network_access_enabled": true,
            "resource_group_name": "n01261681-assignment1-RG",
            "secure_vm_disk_encryption_set_id": "",
            "security_type": "",
            "source_resource_id": "",
            "source_uri": "",
            "storage_account_id": "",
            "storage_account_type": "Standard_LRS",
            "tags": null,
            "tier": "",
            "timeouts": null,
            "trusted_launch_enabled": false,
            "upload_size_bytes": 0,
            "zone": ""
          },
          "sensitive_attributes": [],
          "private": "eyJlMmJmYjczMC1lY2FhLTExZTYtOGY4OC0zNDM2M2JjN2M0YzAiOnsiY3JlYXRlIjoxODAwMDAwMDAwMDAwLCJkZWxldGUiOjE4MDAwMDAwMDAwMDAsInJlYWQiOjMwMDAwMDAwMDAwMCwidXBkYXRlIjoxODAwMDAwMDAwMDAwfSwic2NoZW1hX3ZlcnNpb24iOiIxIn0="
        }
      ]
    },
    {
      "module": "module.datadisk",
      "mode": "managed",
      "type": "azurerm_managed_disk",
      "name": "windows_disk1",
      "provider": "provider[\"registry.terraform.io/hashicorp/azurerm\"]",
      "instances": [
        {
          "schema_version": 1,
          "attributes": {
            "create_option": "Empty",
            "disk_access_id": "",
            "disk_encryption_set_id": "",
            "disk_iops_read_only": 0,
            "disk_iops_read_write": 500,
            "disk_mbps_read_only": 0,
            "disk_mbps_read_write": 60,
            "disk_size_gb": 10,
            "edge_zone": "",
            "encryption_settings": [],
            "gallery_image_reference_id": "",
            "hyper_v_generation": "",
            "id": "/subscriptions/d3323ab9-8eb3-469c-a768-4f37de089238/resourceGroups/n01261681-assignment1-RG/providers/Microsoft.Compute/disks/windows-vm-datadisk1",
            "image_reference_id": "",
            "location": "eastus",
            "logical_sector_size": null,
            "max_shares": 0,
            "name": "windows-vm-datadisk1",
            "network_access_policy": null,
            "on_demand_bursting_enabled": false,
            "os_type": "",
            "public_network_access_enabled": true,
            "resource_group_name": "n01261681-assignment1-RG",
            "secure_vm_disk_encryption_set_id": "",
            "security_type": "",
            "source_resource_id": "",
            "source_uri": "",
            "storage_account_id": "",
            "storage_account_type": "Standard_LRS",
            "tags": null,
            "tier": "",
            "timeouts": null,
            "trusted_launch_enabled": false,
            "upload_size_bytes": 0,
            "zone": ""
          },
          "sensitive_attributes": [],
          "private": "eyJlMmJmYjczMC1lY2FhLTExZTYtOGY4OC0zNDM2M2JjN2M0YzAiOnsiY3JlYXRlIjoxODAwMDAwMDAwMDAwLCJkZWxldGUiOjE4MDAwMDAwMDAwMDAsInJlYWQiOjMwMDAwMDAwMDAwMCwidXBkYXRlIjoxODAwMDAwMDAwMDAwfSwic2NoZW1hX3ZlcnNpb24iOiIxIn0="
        }
      ]
    },
    {
      "module": "module.datadisk",
      "mode": "managed",
      "type": "azurerm_virtual_machine_data_disk_attachment",
      "name": "linux_disk1_attachment",
      "provider": "provider[\"registry.terraform.io/hashicorp/azurerm\"]",
      "instances": []
    },
    {
      "module": "module.datadisk",
      "mode": "managed",
      "type": "azurerm_virtual_machine_data_disk_attachment",
      "name": "windows_disk1_attachment",
      "provider": "provider[\"registry.terraform.io/hashicorp/azurerm\"]",
      "instances": []
    },
    {
      "module": "module.loadbalancer",
      "mode": "managed",
      "type": "azurerm_lb",
      "name": "basic_lb",
      "provider": "provider[\"registry.terraform.io/hashicorp/azurerm\"]",
      "instances": [
        {
          "schema_version": 0,
          "attributes": {
            "edge_zone": "",
            "frontend_ip_configuration": [
              {
                "gateway_load_balancer_frontend_ip_configuration_id": "",
                "id": "/subscriptions/d3323ab9-8eb3-469c-a768-4f37de089238/resourceGroups/n01261681-assignment1-RG/providers/Microsoft.Network/loadBalancers/basic-loadbalancer/frontendIPConfigurations/public-ip",
                "inbound_nat_rules": [],
                "load_balancer_rules": [],
                "name": "public-ip",
                "outbound_rules": [],
                "private_ip_address": "",
                "private_ip_address_allocation": "Dynamic",
                "private_ip_address_version": "",
                "public_ip_address_id": "/subscriptions/d3323ab9-8eb3-469c-a768-4f37de089238/resourceGroups/n01261681-assignment1-RG/providers/Microsoft.Network/publicIPAddresses/loadbalancer-public-ip",
                "public_ip_prefix_id": "",
                "subnet_id": "",
                "zones": null
              }
            ],
            "id": "/subscriptions/d3323ab9-8eb3-469c-a768-4f37de089238/resourceGroups/n01261681-assignment1-RG/providers/Microsoft.Network/loadBalancers/basic-loadbalancer",
            "location": "eastus",
            "name": "basic-loadbalancer",
            "private_ip_address": "",
            "private_ip_addresses": [],
            "resource_group_name": "n01261681-assignment1-RG",
            "sku": "Basic",
            "sku_tier": "Regional",
            "tags": {
              "Environment": "Lab",
              "ExpirationDate": "2023-06-30",
              "Name": "amandeep.kaur",
              "Project": "Automation Project – Assignment 1"
            },
            "timeouts": null
          },
          "sensitive_attributes": [],
          "private": "eyJlMmJmYjczMC1lY2FhLTExZTYtOGY4OC0zNDM2M2JjN2M0YzAiOnsiY3JlYXRlIjoxODAwMDAwMDAwMDAwLCJkZWxldGUiOjE4MDAwMDAwMDAwMDAsInJlYWQiOjMwMDAwMDAwMDAwMCwidXBkYXRlIjoxODAwMDAwMDAwMDAwfX0=",
          "dependencies": [
            "module.loadbalancer.azurerm_public_ip.lb_public_ip"
          ]
        }
      ]
    },
    {
      "module": "module.loadbalancer",
      "mode": "managed",
      "type": "azurerm_lb_backend_address_pool",
      "name": "backend_pool",
      "provider": "provider[\"registry.terraform.io/hashicorp/azurerm\"]",
      "instances": [
        {
          "schema_version": 0,
          "attributes": {
            "backend_ip_configurations": [],
            "id": "/subscriptions/d3323ab9-8eb3-469c-a768-4f37de089238/resourceGroups/n01261681-assignment1-RG/providers/Microsoft.Network/loadBalancers/basic-loadbalancer/backendAddressPools/backend-address-pool",
            "inbound_nat_rules": [],
            "load_balancing_rules": [],
            "loadbalancer_id": "/subscriptions/d3323ab9-8eb3-469c-a768-4f37de089238/resourceGroups/n01261681-assignment1-RG/providers/Microsoft.Network/loadBalancers/basic-loadbalancer",
            "name": "backend-address-pool",
            "outbound_rules": [],
            "timeouts": null,
            "tunnel_interface": [],
            "virtual_network_id": ""
          },
          "sensitive_attributes": [],
          "private": "eyJlMmJmYjczMC1lY2FhLTExZTYtOGY4OC0zNDM2M2JjN2M0YzAiOnsiY3JlYXRlIjoxODAwMDAwMDAwMDAwLCJkZWxldGUiOjE4MDAwMDAwMDAwMDAsInJlYWQiOjMwMDAwMDAwMDAwMCwidXBkYXRlIjoxODAwMDAwMDAwMDAwfX0=",
          "dependencies": [
            "module.loadbalancer.azurerm_lb.basic_lb",
            "module.loadbalancer.azurerm_public_ip.lb_public_ip"
          ]
        }
      ]
    },
    {
      "module": "module.loadbalancer",
      "mode": "managed",
      "type": "azurerm_lb_probe",
      "name": "probe",
      "provider": "provider[\"registry.terraform.io/hashicorp/azurerm\"]",
      "instances": [
        {
          "schema_version": 0,
          "attributes": {
            "id": "/subscriptions/d3323ab9-8eb3-469c-a768-4f37de089238/resourceGroups/n01261681-assignment1-RG/providers/Microsoft.Network/loadBalancers/basic-loadbalancer/probes/tcp_probe",
            "interval_in_seconds": 15,
            "load_balancer_rules": [],
            "loadbalancer_id": "/subscriptions/d3323ab9-8eb3-469c-a768-4f37de089238/resourceGroups/n01261681-assignment1-RG/providers/Microsoft.Network/loadBalancers/basic-loadbalancer",
            "name": "tcp_probe",
            "number_of_probes": 4,
            "port": 80,
            "probe_threshold": 1,
            "protocol": "Tcp",
            "request_path": "",
            "timeouts": null
          },
          "sensitive_attributes": [],
          "private": "eyJlMmJmYjczMC1lY2FhLTExZTYtOGY4OC0zNDM2M2JjN2M0YzAiOnsiY3JlYXRlIjoxODAwMDAwMDAwMDAwLCJkZWxldGUiOjE4MDAwMDAwMDAwMDAsInJlYWQiOjMwMDAwMDAwMDAwMCwidXBkYXRlIjoxODAwMDAwMDAwMDAwfX0=",
          "dependencies": [
            "module.loadbalancer.azurerm_lb.basic_lb",
            "module.loadbalancer.azurerm_public_ip.lb_public_ip"
          ]
        }
      ]
    },
    {
      "module": "module.loadbalancer",
      "mode": "managed",
      "type": "azurerm_lb_rule",
      "name": "rule",
      "provider": "provider[\"registry.terraform.io/hashicorp/azurerm\"]",
      "instances": [
        {
          "schema_version": 0,
          "attributes": {
            "backend_address_pool_ids": [
              "/subscriptions/d3323ab9-8eb3-469c-a768-4f37de089238/resourceGroups/n01261681-assignment1-RG/providers/Microsoft.Network/loadBalancers/basic-loadbalancer/backendAddressPools/backend-address-pool"
            ],
            "backend_port": 80,
            "disable_outbound_snat": false,
            "enable_floating_ip": false,
            "enable_tcp_reset": false,
            "frontend_ip_configuration_id": "/subscriptions/d3323ab9-8eb3-469c-a768-4f37de089238/resourceGroups/n01261681-assignment1-RG/providers/Microsoft.Network/loadBalancers/basic-loadbalancer/frontendIPConfigurations/public-ip",
            "frontend_ip_configuration_name": "public-ip",
            "frontend_port": 80,
            "id": "/subscriptions/d3323ab9-8eb3-469c-a768-4f37de089238/resourceGroups/n01261681-assignment1-RG/providers/Microsoft.Network/loadBalancers/basic-loadbalancer/loadBalancingRules/http-rule",
            "idle_timeout_in_minutes": 4,
            "load_distribution": "Default",
            "loadbalancer_id": "/subscriptions/d3323ab9-8eb3-469c-a768-4f37de089238/resourceGroups/n01261681-assignment1-RG/providers/Microsoft.Network/loadBalancers/basic-loadbalancer",
            "name": "http-rule",
            "probe_id": "/subscriptions/d3323ab9-8eb3-469c-a768-4f37de089238/resourceGroups/n01261681-assignment1-RG/providers/Microsoft.Network/loadBalancers/basic-loadbalancer/probes/tcp_probe",
            "protocol": "Tcp",
            "timeouts": null
          },
          "sensitive_attributes": [],
          "private": "eyJlMmJmYjczMC1lY2FhLTExZTYtOGY4OC0zNDM2M2JjN2M0YzAiOnsiY3JlYXRlIjoxODAwMDAwMDAwMDAwLCJkZWxldGUiOjE4MDAwMDAwMDAwMDAsInJlYWQiOjMwMDAwMDAwMDAwMCwidXBkYXRlIjoxODAwMDAwMDAwMDAwfX0=",
          "dependencies": [
            "module.loadbalancer.azurerm_lb.basic_lb",
            "module.loadbalancer.azurerm_lb_backend_address_pool.backend_pool",
            "module.loadbalancer.azurerm_lb_probe.probe",
            "module.loadbalancer.azurerm_public_ip.lb_public_ip"
          ]
        }
      ]
    },
    {
      "module": "module.loadbalancer",
      "mode": "managed",
      "type": "azurerm_network_interface_backend_address_pool_association",
      "name": "linux_vm1_association",
      "provider": "provider[\"registry.terraform.io/hashicorp/azurerm\"]",
      "instances": []
    },
    {
      "module": "module.loadbalancer",
      "mode": "managed",
      "type": "azurerm_network_interface_backend_address_pool_association",
      "name": "linux_vm2_association",
      "provider": "provider[\"registry.terraform.io/hashicorp/azurerm\"]",
      "instances": []
    },
    {
      "module": "module.loadbalancer",
      "mode": "managed",
      "type": "azurerm_public_ip",
      "name": "lb_public_ip",
      "provider": "provider[\"registry.terraform.io/hashicorp/azurerm\"]",
      "instances": [
        {
          "schema_version": 0,
          "attributes": {
            "allocation_method": "Static",
            "ddos_protection_mode": "VirtualNetworkInherited",
            "ddos_protection_plan_id": null,
            "domain_name_label": null,
            "edge_zone": "",
            "fqdn": null,
            "id": "/subscriptions/d3323ab9-8eb3-469c-a768-4f37de089238/resourceGroups/n01261681-assignment1-RG/providers/Microsoft.Network/publicIPAddresses/loadbalancer-public-ip",
            "idle_timeout_in_minutes": 4,
            "ip_address": "20.169.243.232",
            "ip_tags": null,
            "ip_version": "IPv4",
            "location": "eastus",
            "name": "loadbalancer-public-ip",
            "public_ip_prefix_id": null,
            "resource_group_name": "n01261681-assignment1-RG",
            "reverse_fqdn": null,
            "sku": "Basic",
            "sku_tier": "Regional",
            "tags": {
              "Environment": "Lab",
              "ExpirationDate": "2023-06-30",
              "Name": "amandeep.kaur",
              "Project": "Automation Project – Assignment 1"
            },
            "timeouts": null,
            "zones": null
          },
          "sensitive_attributes": [],
          "private": "eyJlMmJmYjczMC1lY2FhLTExZTYtOGY4OC0zNDM2M2JjN2M0YzAiOnsiY3JlYXRlIjoxODAwMDAwMDAwMDAwLCJkZWxldGUiOjE4MDAwMDAwMDAwMDAsInJlYWQiOjMwMDAwMDAwMDAwMCwidXBkYXRlIjoxODAwMDAwMDAwMDAwfX0="
        }
      ]
    },
    {
      "module": "module.network",
      "mode": "managed",
      "type": "azurerm_network_security_group",
      "name": "nsg-1",
      "provider": "provider[\"registry.terraform.io/hashicorp/azurerm\"]",
      "instances": []
    },
    {
      "module": "module.network",
      "mode": "managed",
      "type": "azurerm_subnet",
      "name": "subnet-1",
      "provider": "provider[\"registry.terraform.io/hashicorp/azurerm\"]",
      "instances": []
    },
    {
      "module": "module.network",
      "mode": "managed",
      "type": "azurerm_virtual_network",
      "name": "network",
      "provider": "provider[\"registry.terraform.io/hashicorp/azurerm\"]",
      "instances": []
    }
  ],
  "check_results": null
}
